
Microsoft Visual Studio Solution File, Format Version 12.00
# Visual Studio Version 17
VisualStudioVersion = 17.4.33205.214
MinimumVisualStudioVersion = 10.0.40219.1
Project("{FAE04EC0-301F-11D3-BF4B-00C04F79EFBC}") = "adonett", "adonett\adonett.csproj", "{5B445F06-EF57-4DBB-9E66-62F7760AF322}"
EndProject
Global
	GlobalSection(SolutionConfigurationPlatforms) = preSolution
		Debug|Any CPU = Debug|Any CPU
		Release|Any CPU = Release|Any CPU
	EndGlobalSection
	GlobalSection(ProjectConfigurationPlatforms) = postSolution
		{5B445F06-EF57-4DBB-9E66-62F7760AF322}.Debug|Any CPU.ActiveCfg = Debug|Any CPU
		{5B445F06-EF57-4DBB-9E66-62F7760AF322}.Debug|Any CPU.Build.0 = Debug|Any CPU
		{5B445F06-EF57-4DBB-9E66-62F7760AF322}.Release|Any CPU.ActiveCfg = Release|Any CPU
		{5B445F06-EF57-4DBB-9E66-62F7760AF322}.Release|Any CPU.Build.0 = Release|Any CPU
	EndGlobalSection
	GlobalSection(SolutionProperties) = preSolution
		HideSolutionNode = FALSE
	EndGlobalSection
	GlobalSection(ExtensibilityGlobals) = postSolution
		SolutionGuid = {B1E6BF02-2F88-417D-BED4-B1BC3D93C99E}
	EndGlobalSection
EndGlobal
